{
  "name": "ui-components",
  "lockfileVersion": 3,
  "requires": true,
  "packages": {
    "": {
      "dependencies": {
        "lucide-react": "^0.395.0",
        "pnpm": "^9.3.0"
      },
      "devDependencies": {
        "turbo": "1.13.4"
      }
    },
    "node_modules/js-tokens": {
      "version": "4.0.0",
      "resolved": "https://registry.npmjs.org/js-tokens/-/js-tokens-4.0.0.tgz",
      "integrity": "sha512-RdJUflcE3cUzKiMqQgsCu06FPu9UdIJO0beYbPhHN4k6apgJtifcoCtT9bcxOpYBtpD2kCM6Sbzg4CausW/PKQ==",
      "license": "MIT",
      "peer": true
    },
    "node_modules/loose-envify": {
      "version": "1.4.0",
      "resolved": "https://registry.npmjs.org/loose-envify/-/loose-envify-1.4.0.tgz",
      "integrity": "sha512-lyuxPGr/Wfhrlem2CL/UcnUc1zcqKAImBDzukY7Y5F/yQiNdko6+fRLevlw1HgMySw7f611UIY408EtxRSoK3Q==",
      "license": "MIT",
      "peer": true,
      "dependencies": {
        "js-tokens": "^3.0.0 || ^4.0.0"
      },
      "bin": {
        "loose-envify": "cli.js"
      }
    },
    "node_modules/lucide-react": {
      "version": "0.395.0",
      "resolved": "https://registry.npmjs.org/lucide-react/-/lucide-react-0.395.0.tgz",
      "integrity": "sha512-6hzdNH5723A4FLaYZWpK50iyZH8iS2Jq5zuPRRotOFkhu6kxxJiebVdJ72tCR5XkiIeYFOU5NUawFZOac+VeYw==",
      "license": "ISC",
      "peerDependencies": {
        "react": "^16.5.1 || ^17.0.0 || ^18.0.0"
      }
    },
    "node_modules/pnpm": {
      "version": "9.3.0",
      "resolved": "https://registry.npmjs.org/pnpm/-/pnpm-9.3.0.tgz",
      "integrity": "sha512-7nuT4MK9EUCcZCT5K4ZvMdPqG+9fvkfTx1AM3DyWaIM9LlVoGtZt9bZAxh+p3CXVRu+lTXbX+L9UsTYUrCk2MQ==",
      "license": "MIT",
      "bin": {
        "pnpm": "bin/pnpm.cjs",
        "pnpx": "bin/pnpx.cjs"
      },
      "engines": {
        "node": ">=18.12"
      },
      "funding": {
        "url": "https://opencollective.com/pnpm"
      }
    },
    "node_modules/react": {
      "version": "18.3.1",
      "resolved": "https://registry.npmjs.org/react/-/react-18.3.1.tgz",
      "integrity": "sha512-wS+hAgJShR0KhEvPJArfuPVN1+Hz1t0Y6n5jLrGQbkb4urgPE/0Rve+1kMB1v/oWgHgm4WIcV+i7F2pTVj+2iQ==",
      "license": "MIT",
      "peer": true,
      "dependencies": {
        "loose-envify": "^1.1.0"
      },
      "engines": {
        "node": ">=0.10.0"
      }
    },
    "node_modules/turbo": {
      "version": "1.13.4",
      "resolved": "https://registry.npmjs.org/turbo/-/turbo-1.13.4.tgz",
      "integrity": "sha512-1q7+9UJABuBAHrcC4Sxp5lOqYS5mvxRrwa33wpIyM18hlOCpRD/fTJNxZ0vhbMcJmz15o9kkVm743mPn7p6jpQ==",
      "dev": true,
      "license": "MPL-2.0",
      "bin": {
        "turbo": "bin/turbo"
      },
      "optionalDependencies": {
        "turbo-darwin-64": "1.13.4",
        "turbo-darwin-arm64": "1.13.4",
        "turbo-linux-64": "1.13.4",
        "turbo-linux-arm64": "1.13.4",
        "turbo-windows-64": "1.13.4",
        "turbo-windows-arm64": "1.13.4"
      }
    },
    "node_modules/turbo-darwin-64": {
      "version": "1.13.4",
      "resolved": "https://registry.npmjs.org/turbo-darwin-64/-/turbo-darwin-64-1.13.4.tgz",
      "integrity": "sha512-A0eKd73R7CGnRinTiS7txkMElg+R5rKFp9HV7baDiEL4xTG1FIg/56Vm7A5RVgg8UNgG2qNnrfatJtb+dRmNdw==",
      "cpu": [
        "x64"
      ],
      "dev": true,
      "license": "MPL-2.0",
      "optional": true,
      "os": [
        "darwin"
      ]
    },
    "node_modules/turbo-darwin-arm64": {
      "version": "1.13.4",
      "resolved": "https://registry.npmjs.org/turbo-darwin-arm64/-/turbo-darwin-arm64-1.13.4.tgz",
      "integrity": "sha512-eG769Q0NF6/Vyjsr3mKCnkG/eW6dKMBZk6dxWOdrHfrg6QgfkBUk0WUUujzdtVPiUIvsh4l46vQrNVd9EOtbyA==",
      "cpu": [
        "arm64"
      ],
      "dev": true,
      "license": "MPL-2.0",
      "optional": true,
      "os": [
        "darwin"
      ]
    },
    "node_modules/turbo-linux-64": {
      "version": "1.13.4",
      "resolved": "https://registry.npmjs.org/turbo-linux-64/-/turbo-linux-64-1.13.4.tgz",
      "integrity": "sha512-Bq0JphDeNw3XEi+Xb/e4xoKhs1DHN7OoLVUbTIQz+gazYjigVZvtwCvgrZI7eW9Xo1eOXM2zw2u1DGLLUfmGkQ==",
      "cpu": [
        "x64"
      ],
      "dev": true,
      "license": "MPL-2.0",
      "optional": true,
      "os": [
        "linux"
      ]
    },
    "node_modules/turbo-linux-arm64": {
      "version": "1.13.4",
      "resolved": "https://registry.npmjs.org/turbo-linux-arm64/-/turbo-linux-arm64-1.13.4.tgz",
      "integrity": "sha512-BJcXw1DDiHO/okYbaNdcWN6szjXyHWx9d460v6fCHY65G8CyqGU3y2uUTPK89o8lq/b2C8NK0yZD+Vp0f9VoIg==",
      "cpu": [
        "arm64"
      ],
      "dev": true,
      "license": "MPL-2.0",
      "optional": true,
      "os": [
        "linux"
      ]
    },
    "node_modules/turbo-windows-64": {
      "version": "1.13.4",
      "resolved": "https://registry.npmjs.org/turbo-windows-64/-/turbo-windows-64-1.13.4.tgz",
      "integrity": "sha512-OFFhXHOFLN7A78vD/dlVuuSSVEB3s9ZBj18Tm1hk3aW1HTWTuAw0ReN6ZNlVObZUHvGy8d57OAGGxf2bT3etQw==",
      "cpu": [
        "x64"
      ],
      "dev": true,
      "license": "MPL-2.0",
      "optional": true,
      "os": [
        "win32"
      ]
    },
    "node_modules/turbo-windows-arm64": {
      "version": "1.13.4",
      "resolved": "https://registry.npmjs.org/turbo-windows-arm64/-/turbo-windows-arm64-1.13.4.tgz",
      "integrity": "sha512-u5A+VOKHswJJmJ8o8rcilBfU5U3Y1TTAfP9wX8bFh8teYF1ghP0EhtMRLjhtp6RPa+XCxHHVA2CiC3gbh5eg5g==",
      "cpu": [
        "arm64"
      ],
      "dev": true,
      "license": "MPL-2.0",
      "optional": true,
      "os": [
        "win32"
      ]
    }
  }
}
